
Microsoft Visual Studio Solution File, Format Version 12.00
# Visual Studio 2012
Project("{8BC9CEB8-8B4A-11D0-8D11-00A0C91BC942}") = "Win32FtpServer", "Win32FtpServer\Win32FtpServer.vcxproj", "{F61D93C7-3144-4B59-85F3-5C953DCD0DCE}"
EndProject
Global
	GlobalSection(SolutionConfigurationPlatforms) = preSolution
		Debug|Win32 = Debug|Win32
		Release|Win32 = Release|Win32
	EndGlobalSection
	GlobalSection(ProjectConfigurationPlatforms) = postSolution
		{F61D93C7-3144-4B59-85F3-5C953DCD0DCE}.Debug|Win32.ActiveCfg = Debug|Win32
		{F61D93C7-3144-4B59-85F3-5C953DCD0DCE}.Debug|Win32.Build.0 = Debug|Win32
		{F61D93C7-3144-4B59-85F3-5C953DCD0DCE}.Release|Win32.ActiveCfg = Release|Win32
		{F61D93C7-3144-4B59-85F3-5C953DCD0DCE}.Release|Win32.Build.0 = Release|Win32
	EndGlobalSection
	GlobalSection(SolutionProperties) = preSolution
		HideSolutionNode = FALSE
	EndGlobalSection
	GlobalSection(ExtensibilityGlobals) = postSolution
		VisualSVNWorkingCopyRoot = .
	EndGlobalSection
EndGlobal
